// !$*UTF8*$!
{
	archiveVersion = 1;
	classes = {
	};
	objectVersion = 46;
	objects = {

/* Begin PBXBuildFile section */
		CB84509018FCE76300E8F175 /* Foundation.framework in Frameworks */ = {isa = PBXBuildFile; fileRef = CB84508F18FCE76300E8F175 /* Foundation.framework */; };
		CB84509218FCE76300E8F175 /* CoreGraphics.framework in Frameworks */ = {isa = PBXBuildFile; fileRef = CB84509118FCE76300E8F175 /* CoreGraphics.framework */; };
		CB84509418FCE76300E8F175 /* UIKit.framework in Frameworks */ = {isa = PBXBuildFile; fileRef = CB84509318FCE76300E8F175 /* UIKit.framework */; };
		CB84509A18FCE76300E8F175 /* InfoPlist.strings in Resources */ = {isa = PBXBuildFile; fileRef = CB84509818FCE76300E8F175 /* InfoPlist.strings */; };
		CB84509C18FCE76300E8F175 /* main.m in Sources */ = {isa = PBXBuildFile; fileRef = CB84509B18FCE76300E8F175 /* main.m */; };
		CB8450A018FCE76300E8F175 /* AppDelegate.m in Sources */ = {isa = PBXBuildFile; fileRef = CB84509F18FCE76300E8F175 /* AppDelegate.m */; };
		CB8450A318FCE76300E8F175 /* Main.storyboard in Resources */ = {isa = PBXBuildFile; fileRef = CB8450A118FCE76300E8F175 /* Main.storyboard */; };
		CB8450A818FCE76300E8F175 /* Images.xcassets in Resources */ = {isa = PBXBuildFile; fileRef = CB8450A718FCE76300E8F175 /* Images.xcassets */; };
		CB8450AF18FCE76300E8F175 /* XCTest.framework in Frameworks */ = {isa = PBXBuildFile; fileRef = CB8450AE18FCE76300E8F175 /* XCTest.framework */; };
		CB8450B018FCE76300E8F175 /* Foundation.framework in Frameworks */ = {isa = PBXBuildFile; fileRef = CB84508F18FCE76300E8F175 /* Foundation.framework */; };
		CB8450B118FCE76300E8F175 /* UIKit.framework in Frameworks */ = {isa = PBXBuildFile; fileRef = CB84509318FCE76300E8F175 /* UIKit.framework */; };
		CB8450B918FCE76300E8F175 /* InfoPlist.strings in Resources */ = {isa = PBXBuildFile; fileRef = CB8450B718FCE76300E8F175 /* InfoPlist.strings */; };
		CB8450BB18FCE76300E8F175 /* MusicPlayerTests.m in Sources */ = {isa = PBXBuildFile; fileRef = CB8450BA18FCE76300E8F175 /* MusicPlayerTests.m */; };
		CB8450C518FCE88E00E8F175 /* AVFoundation.framework in Frameworks */ = {isa = PBXBuildFile; fileRef = CB8450C418FCE88E00E8F175 /* AVFoundation.framework */; };
		CB8450C818FCE8BA00E8F175 /* AudioPlayerViewController.m in Sources */ = {isa = PBXBuildFile; fileRef = CB8450C718FCE8BA00E8F175 /* AudioPlayerViewController.m */; };
		CB86F42218FF169C00565431 /* DJMix.mp3 in Resources */ = {isa = PBXBuildFile; fileRef = CB86F42118FF169C00565431 /* DJMix.mp3 */; };
		CB86F42418FF209500565431 /* transLogo.png in Resources */ = {isa = PBXBuildFile; fileRef = CB86F42318FF209500565431 /* transLogo.png */; };
/* End PBXBuildFile section */

/* Begin PBXContainerItemProxy section */
		CB8450B218FCE76300E8F175 /* PBXContainerItemProxy */ = {
			isa = PBXContainerItemProxy;
			containerPortal = CB84508418FCE76300E8F175 /* Project object */;
			proxyType = 1;
			remoteGlobalIDString = CB84508B18FCE76300E8F175;
			remoteInfo = MusicPlayer;
		};
/* End PBXContainerItemProxy section */

/* Begin PBXFileReference section */
		CB84508C18FCE76300E8F175 /* MusicPlayer.app */ = {isa = PBXFileReference; explicitFileType = wrapper.application; includeInIndex = 0; path = MusicPlayer.app; sourceTree = BUILT_PRODUCTS_DIR; };
		CB84508F18FCE76300E8F175 /* Foundation.framework */ = {isa = PBXFileReference; lastKnownFileType = wrapper.framework; name = Foundation.framework; path = System/Library/Frameworks/Foundation.framework; sourceTree = SDKROOT; };
		CB84509118FCE76300E8F175 /* CoreGraphics.framework */ = {isa = PBXFileReference; lastKnownFileType = wrapper.framework; name = CoreGraphics.framework; path = System/Library/Frameworks/CoreGraphics.framework; sourceTree = SDKROOT; };
		CB84509318FCE76300E8F175 /* UIKit.framework */ = {isa = PBXFileReference; lastKnownFileType = wrapper.framework; name = UIKit.framework; path = System/Library/Frameworks/UIKit.framework; sourceTree = SDKROOT; };
		CB84509718FCE76300E8F175 /* MusicPlayer-Info.plist */ = {isa = PBXFileReference; lastKnownFileType = text.plist.xml; path = "MusicPlayer-Info.plist"; sourceTree = "<group>"; };
		CB84509918FCE76300E8F175 /* en */ = {isa = PBXFileReference; lastKnownFileType = text.plist.strings; name = en; path = en.lproj/InfoPlist.strings; sourceTree = "<group>"; };
		CB84509B18FCE76300E8F175 /* main.m */ = {isa = PBXFileReference; lastKnownFileType = sourcecode.c.objc; path = main.m; sourceTree = "<group>"; };
		CB84509D18FCE76300E8F175 /* MusicPlayer-Prefix.pch */ = {isa = PBXFileReference; lastKnownFileType = sourcecode.c.h; path = "MusicPlayer-Prefix.pch"; sourceTree = "<group>"; };
		CB84509E18FCE76300E8F175 /* AppDelegate.h */ = {isa = PBXFileReference; lastKnownFileType = sourcecode.c.h; path = AppDelegate.h; sourceTree = "<group>"; };
		CB84509F18FCE76300E8F175 /* AppDelegate.m */ = {isa = PBXFileReference; lastKnownFileType = sourcecode.c.objc; path = AppDelegate.m; sourceTree = "<group>"; };
		CB8450A218FCE76300E8F175 /* Base */ = {isa = PBXFileReference; lastKnownFileType = file.storyboard; name = Base; path = Base.lproj/Main.storyboard; sourceTree = "<group>"; };
		CB8450A718FCE76300E8F175 /* Images.xcassets */ = {isa = PBXFileReference; lastKnownFileType = folder.assetcatalog; path = Images.xcassets; sourceTree = "<group>"; };
		CB8450AD18FCE76300E8F175 /* MusicPlayerTests.xctest */ = {isa = PBXFileReference; explicitFileType = wrapper.cfbundle; includeInIndex = 0; path = MusicPlayerTests.xctest; sourceTree = BUILT_PRODUCTS_DIR; };
		CB8450AE18FCE76300E8F175 /* XCTest.framework */ = {isa = PBXFileReference; lastKnownFileType = wrapper.framework; name = XCTest.framework; path = Library/Frameworks/XCTest.framework; sourceTree = DEVELOPER_DIR; };
		CB8450B618FCE76300E8F175 /* MusicPlayerTests-Info.plist */ = {isa = PBXFileReference; lastKnownFileType = text.plist.xml; path = "MusicPlayerTests-Info.plist"; sourceTree = "<group>"; };
		CB8450B818FCE76300E8F175 /* en */ = {isa = PBXFileReference; lastKnownFileType = text.plist.strings; name = en; path = en.lproj/InfoPlist.strings; sourceTree = "<group>"; };
		CB8450BA18FCE76300E8F175 /* MusicPlayerTests.m */ = {isa = PBXFileReference; lastKnownFileType = sourcecode.c.objc; path = MusicPlayerTests.m; sourceTree = "<group>"; };
		CB8450C418FCE88E00E8F175 /* AVFoundation.framework */ = {isa = PBXFileReference; lastKnownFileType = wrapper.framework; name = AVFoundation.framework; path = System/Library/Frameworks/AVFoundation.framework; sourceTree = SDKROOT; };
		CB8450C618FCE8BA00E8F175 /* AudioPlayerViewController.h */ = {isa = PBXFileReference; fileEncoding = 4; lastKnownFileType = sourcecode.c.h; path = AudioPlayerViewController.h; sourceTree = "<group>"; };
		CB8450C718FCE8BA00E8F175 /* AudioPlayerViewController.m */ = {isa = PBXFileReference; fileEncoding = 4; lastKnownFileType = sourcecode.c.objc; path = AudioPlayerViewController.m; sourceTree = "<group>"; };
		CB86F42118FF169C00565431 /* DJMix.mp3 */ = {isa = PBXFileReference; lastKnownFileType = audio.mp3; path = DJMix.mp3; sourceTree = "<group>"; };
		CB86F42318FF209500565431 /* transLogo.png */ = {isa = PBXFileReference; lastKnownFileType = image.png; path = transLogo.png; sourceTree = "<group>"; };
/* End PBXFileReference section */

/* Begin PBXFrameworksBuildPhase section */
		CB84508918FCE76300E8F175 /* Frameworks */ = {
			isa = PBXFrameworksBuildPhase;
			buildActionMask = 2147483647;
			files = (
				CB8450C518FCE88E00E8F175 /* AVFoundation.framework in Frameworks */,
				CB84509218FCE76300E8F175 /* CoreGraphics.framework in Frameworks */,
				CB84509418FCE76300E8F175 /* UIKit.framework in Frameworks */,
				CB84509018FCE76300E8F175 /* Foundation.framework in Frameworks */,
			);
			runOnlyForDeploymentPostprocessing = 0;
		};
		CB8450AA18FCE76300E8F175 /* Frameworks */ = {
			isa = PBXFrameworksBuildPhase;
			buildActionMask = 2147483647;
			files = (
				CB8450AF18FCE76300E8F175 /* XCTest.framework in Frameworks */,
				CB8450B118FCE76300E8F175 /* UIKit.framework in Frameworks */,
				CB8450B018FCE76300E8F175 /* Foundation.framework in Frameworks */,
			);
			runOnlyForDeploymentPostprocessing = 0;
		};
/* End PBXFrameworksBuildPhase section */

/* Begin PBXGroup section */
		CB84508318FCE76300E8F175 = {
			isa = PBXGroup;
			children = (
				CB84509518FCE76300E8F175 /* MusicPlayer */,
				CB8450B418FCE76300E8F175 /* MusicPlayerTests */,
				CB84508E18FCE76300E8F175 /* Frameworks */,
				CB84508D18FCE76300E8F175 /* Products */,
			);
			sourceTree = "<group>";
		};
		CB84508D18FCE76300E8F175 /* Products */ = {
			isa = PBXGroup;
			children = (
				CB84508C18FCE76300E8F175 /* MusicPlayer.app */,
				CB8450AD18FCE76300E8F175 /* MusicPlayerTests.xctest */,
			);
			name = Products;
			sourceTree = "<group>";
		};
		CB84508E18FCE76300E8F175 /* Frameworks */ = {
			isa = PBXGroup;
			children = (
				CB8450C418FCE88E00E8F175 /* AVFoundation.framework */,
				CB84508F18FCE76300E8F175 /* Foundation.framework */,
				CB84509118FCE76300E8F175 /* CoreGraphics.framework */,
				CB84509318FCE76300E8F175 /* UIKit.framework */,
				CB8450AE18FCE76300E8F175 /* XCTest.framework */,
			);
			name = Frameworks;
			sourceTree = "<group>";
		};
		CB84509518FCE76300E8F175 /* MusicPlayer */ = {
			isa = PBXGroup;
			children = (
				CB84509E18FCE76300E8F175 /* AppDelegate.h */,
				CB84509F18FCE76300E8F175 /* AppDelegate.m */,
				CB8450A118FCE76300E8F175 /* Main.storyboard */,
				CB8450C618FCE8BA00E8F175 /* AudioPlayerViewController.h */,
				CB8450C718FCE8BA00E8F175 /* AudioPlayerViewController.m */,
				CB8450A718FCE76300E8F175 /* Images.xcassets */,
				CB84509618FCE76300E8F175 /* Supporting Files */,
			);
			path = MusicPlayer;
			sourceTree = "<group>";
		};
		CB84509618FCE76300E8F175 /* Supporting Files */ = {
			isa = PBXGroup;
			children = (
				CB86F42318FF209500565431 /* transLogo.png */,
				CB86F42118FF169C00565431 /* DJMix.mp3 */,
				CB84509718FCE76300E8F175 /* MusicPlayer-Info.plist */,
				CB84509818FCE76300E8F175 /* InfoPlist.strings */,
				CB84509B18FCE76300E8F175 /* main.m */,
				CB84509D18FCE76300E8F175 /* MusicPlayer-Prefix.pch */,
			);
			name = "Supporting Files";
			sourceTree = "<group>";
		};
		CB8450B418FCE76300E8F175 /* MusicPlayerTests */ = {
			isa = PBXGroup;
			children = (
				CB8450BA18FCE76300E8F175 /* MusicPlayerTests.m */,
				CB8450B518FCE76300E8F175 /* Supporting Files */,
			);
			path = MusicPlayerTests;
			sourceTree = "<group>";
		};
		CB8450B518FCE76300E8F175 /* Supporting Files */ = {
			isa = PBXGroup;
			children = (
				CB8450B618FCE76300E8F175 /* MusicPlayerTests-Info.plist */,
				CB8450B718FCE76300E8F175 /* InfoPlist.strings */,
			);
			name = "Supporting Files";
			sourceTree = "<group>";
		};
/* End PBXGroup section */

/* Begin PBXNativeTarget section */
		CB84508B18FCE76300E8F175 /* MusicPlayer */ = {
			isa = PBXNativeTarget;
			buildConfigurationList = CB8450BE18FCE76300E8F175 /* Build configuration list for PBXNativeTarget "MusicPlayer" */;
			buildPhases = (
				CB84508818FCE76300E8F175 /* Sources */,
				CB84508918FCE76300E8F175 /* Frameworks */,
				CB84508A18FCE76300E8F175 /* Resources */,
			);
			buildRules = (
			);
			dependencies = (
			);
			name = MusicPlayer;
			productName = MusicPlayer;
			productReference = CB84508C18FCE76300E8F175 /* MusicPlayer.app */;
			productType = "com.apple.product-type.application";
		};
		CB8450AC18FCE76300E8F175 /* MusicPlayerTests */ = {
			isa = PBXNativeTarget;
			buildConfigurationList = CB8450C118FCE76300E8F175 /* Build configuration list for PBXNativeTarget "MusicPlayerTests" */;
			buildPhases = (
				CB8450A918FCE76300E8F175 /* Sources */,
				CB8450AA18FCE76300E8F175 /* Frameworks */,
				CB8450AB18FCE76300E8F175 /* Resources */,
			);
			buildRules = (
			);
			dependencies = (
				CB8450B318FCE76300E8F175 /* PBXTargetDependency */,
			);
			name = MusicPlayerTests;
			productName = MusicPlayerTests;
			productReference = CB8450AD18FCE76300E8F175 /* MusicPlayerTests.xctest */;
			productType = "com.apple.product-type.bundle.unit-test";
		};
/* End PBXNativeTarget section */

/* Begin PBXProject section */
		CB84508418FCE76300E8F175 /* Project object */ = {
			isa = PBXProject;
			attributes = {
				LastUpgradeCheck = 0510;
				ORGANIZATIONNAME = DevHut;
				TargetAttributes = {
					CB8450AC18FCE76300E8F175 = {
						TestTargetID = CB84508B18FCE76300E8F175;
					};
				};
			};
			buildConfigurationList = CB84508718FCE76300E8F175 /* Build configuration list for PBXProject "MusicPlayer" */;
			compatibilityVersion = "Xcode 3.2";
			developmentRegion = English;
			hasScannedForEncodings = 0;
			knownRegions = (
				en,
				Base,
			);
			mainGroup = CB84508318FCE76300E8F175;
			productRefGroup = CB84508D18FCE76300E8F175 /* Products */;
			projectDirPath = "";
			projectRoot = "";
			targets = (
				CB84508B18FCE76300E8F175 /* MusicPlayer */,
				CB8450AC18FCE76300E8F175 /* MusicPlayerTests */,
			);
		};
/* End PBXProject section */

/* Begin PBXResourcesBuildPhase section */
		CB84508A18FCE76300E8F175 /* Resources */ = {
			isa = PBXResourcesBuildPhase;
			buildActionMask = 2147483647;
			files = (
				CB8450A818FCE76300E8F175 /* Images.xcassets in Resources */,
				CB84509A18FCE76300E8F175 /* InfoPlist.strings in Resources */,
				CB8450A318FCE76300E8F175 /* Main.storyboard in Resources */,
				CB86F42418FF209500565431 /* transLogo.png in Resources */,
				CB86F42218FF169C00565431 /* DJMix.mp3 in Resources */,
			);
			runOnlyForDeploymentPostprocessing = 0;
		};
		CB8450AB18FCE76300E8F175 /* Resources */ = {
			isa = PBXResourcesBuildPhase;
			buildActionMask = 2147483647;
			files = (
				CB8450B918FCE76300E8F175 /* InfoPlist.strings in Resources */,
			);
			runOnlyForDeploymentPostprocessing = 0;
		};
/* End PBXResourcesBuildPhase section */

/* Begin PBXSourcesBuildPhase section */
		CB84508818FCE76300E8F175 /* Sources */ = {
			isa = PBXSourcesBuildPhase;
			buildActionMask = 2147483647;
			files = (
				CB8450A018FCE76300E8F175 /* AppDelegate.m in Sources */,
				CB84509C18FCE76300E8F175 /* main.m in Sources */,
				CB8450C818FCE8BA00E8F175 /* AudioPlayerViewController.m in Sources */,
			);
			runOnlyForDeploymentPostprocessing = 0;
		};
		CB8450A918FCE76300E8F175 /* Sources */ = {
			isa = PBXSourcesBuildPhase;
			buildActionMask = 2147483647;
			files = (
				CB8450BB18FCE76300E8F175 /* MusicPlayerTests.m in Sources */,
			);
			runOnlyForDeploymentPostprocessing = 0;
		};
/* End PBXSourcesBuildPhase section */

/* Begin PBXTargetDependency section */
		CB8450B318FCE76300E8F175 /* PBXTargetDependency */ = {
			isa = PBXTargetDependency;
			target = CB84508B18FCE76300E8F175 /* MusicPlayer */;
			targetProxy = CB8450B218FCE76300E8F175 /* PBXContainerItemProxy */;
		};
/* End PBXTargetDependency section */

/* Begin PBXVariantGroup section */
		CB84509818FCE76300E8F175 /* InfoPlist.strings */ = {
			isa = PBXVariantGroup;
			children = (
				CB84509918FCE76300E8F175 /* en */,
			);
			name = InfoPlist.strings;
			sourceTree = "<group>";
		};
		CB8450A118FCE76300E8F175 /* Main.storyboard */ = {
			isa = PBXVariantGroup;
			children = (
				CB8450A218FCE76300E8F175 /* Base */,
			);
			name = Main.storyboard;
			sourceTree = "<group>";
		};
		CB8450B718FCE76300E8F175 /* InfoPlist.strings */ = {
			isa = PBXVariantGroup;
			children = (
				CB8450B818FCE76300E8F175 /* en */,
			);
			name = InfoPlist.strings;
			sourceTree = "<group>";
		};
/* End PBXVariantGroup section */

/* Begin XCBuildConfiguration section */
		CB8450BC18FCE76300E8F175 /* Debug */ = {
			isa = XCBuildConfiguration;
			buildSettings = {
				ALWAYS_SEARCH_USER_PATHS = NO;
				CLANG_CXX_LANGUAGE_STANDARD = "gnu++0x";
				CLANG_CXX_LIBRARY = "libc++";
				CLANG_ENABLE_MODULES = YES;
				CLANG_ENABLE_OBJC_ARC = YES;
				CLANG_WARN_BOOL_CONVERSION = YES;
				CLANG_WARN_CONSTANT_CONVERSION = YES;
				CLANG_WARN_DIRECT_OBJC_ISA_USAGE = YES_ERROR;
				CLANG_WARN_EMPTY_BODY = YES;
				CLANG_WARN_ENUM_CONVERSION = YES;
				CLANG_WARN_INT_CONVERSION = YES;
				CLANG_WARN_OBJC_ROOT_CLASS = YES_ERROR;
				CLANG_WARN__DUPLICATE_METHOD_MATCH = YES;
				"CODE_SIGN_IDENTITY[sdk=iphoneos*]" = "iPhone Developer";
				COPY_PHASE_STRIP = NO;
				GCC_C_LANGUAGE_STANDARD = gnu99;
				GCC_DYNAMIC_NO_PIC = NO;
				GCC_OPTIMIZATION_LEVEL = 0;
				GCC_PREPROCESSOR_DEFINITIONS = (
					"DEBUG=1",
					"$(inherited)",
				);
				GCC_SYMBOLS_PRIVATE_EXTERN = NO;
				GCC_WARN_64_TO_32_BIT_CONVERSION = YES;
				GCC_WARN_ABOUT_RETURN_TYPE = YES_ERROR;
				GCC_WARN_UNDECLARED_SELECTOR = YES;
				GCC_WARN_UNINITIALIZED_AUTOS = YES_AGGRESSIVE;
				GCC_WARN_UNUSED_FUNCTION = YES;
				GCC_WARN_UNUSED_VARIABLE = YES;
				IPHONEOS_DEPLOYMENT_TARGET = 7.1;
				ONLY_ACTIVE_ARCH = YES;
				SDKROOT = iphoneos;
			};
			name = Debug;
		};
		CB8450BD18FCE76300E8F175 /* Release */ = {
			isa = XCBuildConfiguration;
			buildSettings = {
				ALWAYS_SEARCH_USER_PATHS = NO;
				CLANG_CXX_LANGUAGE_STANDARD = "gnu++0x";
				CLANG_CXX_LIBRARY = "libc++";
				CLANG_ENABLE_MODULES = YES;
				CLANG_ENABLE_OBJC_ARC = YES;
				CLANG_WARN_BOOL_CONVERSION = YES;
				CLANG_WARN_CONSTANT_CONVERSION = YES;
				CLANG_WARN_DIRECT_OBJC_ISA_USAGE = YES_ERROR;
				CLANG_WARN_EMPTY_BODY = YES;
				CLANG_WARN_ENUM_CONVERSION = YES;
				CLANG_WARN_INT_CONVERSION = YES;
				CLANG_WARN_OBJC_ROOT_CLASS = YES_ERROR;
				CLANG_WARN__DUPLICATE_METHOD_MATCH = YES;
				"CODE_SIGN_IDENTITY[sdk=iphoneos*]" = "iPhone Developer";
				COPY_PHASE_STRIP = YES;
				ENABLE_NS_ASSERTIONS = NO;
				GCC_C_LANGUAGE_STANDARD = gnu99;
				GCC_WARN_64_TO_32_BIT_CONVERSION = YES;
				GCC_WARN_ABOUT_RETURN_TYPE = YES_ERROR;
				GCC_WARN_UNDECLARED_SELECTOR = YES;
				GCC_WARN_UNINITIALIZED_AUTOS = YES_AGGRESSIVE;
				GCC_WARN_UNUSED_FUNCTION = YES;
				GCC_WARN_UNUSED_VARIABLE = YES;
				IPHONEOS_DEPLOYMENT_TARGET = 7.1;
				SDKROOT = iphoneos;
				VALIDATE_PRODUCT = YES;
			};
			name = Release;
		};
		CB8450BF18FCE76300E8F175 /* Debug */ = {
			isa = XCBuildConfiguration;
			buildSettings = {
				ASSETCATALOG_COMPILER_APPICON_NAME = AppIcon;
				ASSETCATALOG_COMPILER_LAUNCHIMAGE_NAME = LaunchImage;
				GCC_PRECOMPILE_PREFIX_HEADER = YES;
				GCC_PREFIX_HEADER = "MusicPlayer/MusicPlayer-Prefix.pch";
				INFOPLIST_FILE = "MusicPlayer/MusicPlayer-Info.plist";
				PRODUCT_NAME = "$(TARGET_NAME)";
				WRAPPER_EXTENSION = app;
			};
			name = Debug;
		};
		CB8450C018FCE76300E8F175 /* Release */ = {
			isa = XCBuildConfiguration;
			buildSettings = {
				ASSETCATALOG_COMPILER_APPICON_NAME = AppIcon;
				ASSETCATALOG_COMPILER_LAUNCHIMAGE_NAME = LaunchImage;
				GCC_PRECOMPILE_PREFIX_HEADER = YES;
				GCC_PREFIX_HEADER = "MusicPlayer/MusicPlayer-Prefix.pch";
				INFOPLIST_FILE = "MusicPlayer/MusicPlayer-Info.plist";
				PRODUCT_NAME = "$(TARGET_NAME)";
				WRAPPER_EXTENSION = app;
			};
			name = Release;
		};
		CB8450C218FCE76300E8F175 /* Debug */ = {
			isa = XCBuildConfiguration;
			buildSettings = {
				BUNDLE_LOADER = "$(BUILT_PRODUCTS_DIR)/MusicPlayer.app/MusicPlayer";
				FRAMEWORK_SEARCH_PATHS = (
					"$(SDKROOT)/Developer/Library/Frameworks",
					"$(inherited)",
					"$(DEVELOPER_FRAMEWORKS_DIR)",
				);
				GCC_PRECOMPILE_PREFIX_HEADER = YES;
				GCC_PREFIX_HEADER = "MusicPlayer/MusicPlayer-Prefix.pch";
				GCC_PREPROCESSOR_DEFINITIONS = (
					"DEBUG=1",
					"$(inherited)",
				);
				INFOPLIST_FILE = "MusicPlayerTests/MusicPlayerTests-Info.plist";
				PRODUCT_NAME = "$(TARGET_NAME)";
				TEST_HOST = "$(BUNDLE_LOADER)";
				WRAPPER_EXTENSION = xctest;
			};
			name = Debug;
		};
		CB8450C318FCE76300E8F175 /* Release */ = {
			isa = XCBuildConfiguration;
			buildSettings = {
				BUNDLE_LOADER = "$(BUILT_PRODUCTS_DIR)/MusicPlayer.app/MusicPlayer";
				FRAMEWORK_SEARCH_PATHS = (
					"$(SDKROOT)/Developer/Library/Frameworks",
					"$(inherited)",
					"$(DEVELOPER_FRAMEWORKS_DIR)",
				);
				GCC_PRECOMPILE_PREFIX_HEADER = YES;
				GCC_PREFIX_HEADER = "MusicPlayer/MusicPlayer-Prefix.pch";
				INFOPLIST_FILE = "MusicPlayerTests/MusicPlayerTests-Info.plist";
				PRODUCT_NAME = "$(TARGET_NAME)";
				TEST_HOST = "$(BUNDLE_LOADER)";
				WRAPPER_EXTENSION = xctest;
			};
			name = Release;
		};
/* End XCBuildConfiguration section */

/* Begin XCConfigurationList section */
		CB84508718FCE76300E8F175 /* Build configuration list for PBXProject "MusicPlayer" */ = {
			isa = XCConfigurationList;
			buildConfigurations = (
				CB8450BC18FCE76300E8F175 /* Debug */,
				CB8450BD18FCE76300E8F175 /* Release */,
			);
			defaultConfigurationIsVisible = 0;
			defaultConfigurationName = Release;
		};
		CB8450BE18FCE76300E8F175 /* Build configuration list for PBXNativeTarget "MusicPlayer" */ = {
			isa = XCConfigurationList;
			buildConfigurations = (
				CB8450BF18FCE76300E8F175 /* Debug */,
				CB8450C018FCE76300E8F175 /* Release */,
			);
			defaultConfigurationIsVisible = 0;
			defaultConfigurationName = Release;
		};
		CB8450C118FCE76300E8F175 /* Build configuration list for PBXNativeTarget "MusicPlayerTests" */ = {
			isa = XCConfigurationList;
			buildConfigurations = (
				CB8450C218FCE76300E8F175 /* Debug */,
				CB8450C318FCE76300E8F175 /* Release */,
			);
			defaultConfigurationIsVisible = 0;
			defaultConfigurationName = Release;
		};
/* End XCConfigurationList section */
	};
	rootObject = CB84508418FCE76300E8F175 /* Project object */;
}
